
Microsoft Visual Studio Solution File, Format Version 12.00
# Visual Studio Version 17
VisualStudioVersion = 17.2.32616.157
MinimumVisualStudioVersion = 10.0.40219.1
Project("{9A19103F-16F7-4668-BE54-9A1E7A4F7556}") = "ChatAPI", "ChatAPI\ChatAPI.csproj", "{15C14C34-EA4A-45CE-9F25-03E6B00DB0BE}"
EndProject
Project("{9A19103F-16F7-4668-BE54-9A1E7A4F7556}") = "DomainChat", "DomainChat\DomainChat.csproj", "{3F0446AF-21F1-4C78-B771-191AF343F799}"
EndProject
Project("{2150E333-8FDC-42A3-9474-1A3956D46DE8}") = "Database", "Database", "{A03F74FB-716E-4C05-9FB6-E31C4CCF4D02}"
EndProject
Project("{2150E333-8FDC-42A3-9474-1A3956D46DE8}") = "Core", "Core", "{A3B22361-BCF4-4B9A-A29B-4EAF860D2B9A}"
EndProject
Project("{9A19103F-16F7-4668-BE54-9A1E7A4F7556}") = "ChatAPI.Core", "ChatAPI.Core\ChatAPI.Core.csproj", "{ED1D968C-0B99-47AF-80D6-5D12DBC91632}"
EndProject
Project("{2150E333-8FDC-42A3-9474-1A3956D46DE8}") = "Infrastructure", "Infrastructure", "{361646BA-6D4D-4C50-961A-C1034D1B6FB5}"
EndProject
Project("{9A19103F-16F7-4668-BE54-9A1E7A4F7556}") = "ChatAPI.DataRepositories", "ChatAPI.DataRepositories\ChatAPI.DataRepositories.csproj", "{2AE19B48-8C74-49E4-80D0-EAD16E0A18E6}"
EndProject
Project("{9A19103F-16F7-4668-BE54-9A1E7A4F7556}") = "ChatAPI.Business", "ChatAPI.Business\ChatAPI.Business.csproj", "{B3600CF6-B599-49B8-9025-6E8643D049CD}"
EndProject
Project("{9A19103F-16F7-4668-BE54-9A1E7A4F7556}") = "ChatAPI.DependencyResolver", "ChatAPI.DependencyResolver\ChatAPI.DependencyResolver.csproj", "{718C8031-9153-4AB3-9053-84BEDFEA4713}"
EndProject
Project("{FAE04EC0-301F-11D3-BF4B-00C04F79EFBC}") = "ChatAPI.Test", "ChatAPI.Test\ChatAPI.Test.csproj", "{7AC5B3B4-A5F4-412A-B048-1129A4D90FE3}"
EndProject
Global
	GlobalSection(SolutionConfigurationPlatforms) = preSolution
		Debug|Any CPU = Debug|Any CPU
		Release|Any CPU = Release|Any CPU
	EndGlobalSection
	GlobalSection(ProjectConfigurationPlatforms) = postSolution
		{15C14C34-EA4A-45CE-9F25-03E6B00DB0BE}.Debug|Any CPU.ActiveCfg = Debug|Any CPU
		{15C14C34-EA4A-45CE-9F25-03E6B00DB0BE}.Debug|Any CPU.Build.0 = Debug|Any CPU
		{15C14C34-EA4A-45CE-9F25-03E6B00DB0BE}.Release|Any CPU.ActiveCfg = Release|Any CPU
		{15C14C34-EA4A-45CE-9F25-03E6B00DB0BE}.Release|Any CPU.Build.0 = Release|Any CPU
		{3F0446AF-21F1-4C78-B771-191AF343F799}.Debug|Any CPU.ActiveCfg = Debug|Any CPU
		{3F0446AF-21F1-4C78-B771-191AF343F799}.Debug|Any CPU.Build.0 = Debug|Any CPU
		{3F0446AF-21F1-4C78-B771-191AF343F799}.Release|Any CPU.ActiveCfg = Release|Any CPU
		{3F0446AF-21F1-4C78-B771-191AF343F799}.Release|Any CPU.Build.0 = Release|Any CPU
		{ED1D968C-0B99-47AF-80D6-5D12DBC91632}.Debug|Any CPU.ActiveCfg = Debug|Any CPU
		{ED1D968C-0B99-47AF-80D6-5D12DBC91632}.Debug|Any CPU.Build.0 = Debug|Any CPU
		{ED1D968C-0B99-47AF-80D6-5D12DBC91632}.Release|Any CPU.ActiveCfg = Release|Any CPU
		{ED1D968C-0B99-47AF-80D6-5D12DBC91632}.Release|Any CPU.Build.0 = Release|Any CPU
		{2AE19B48-8C74-49E4-80D0-EAD16E0A18E6}.Debug|Any CPU.ActiveCfg = Debug|Any CPU
		{2AE19B48-8C74-49E4-80D0-EAD16E0A18E6}.Debug|Any CPU.Build.0 = Debug|Any CPU
		{2AE19B48-8C74-49E4-80D0-EAD16E0A18E6}.Release|Any CPU.ActiveCfg = Release|Any CPU
		{2AE19B48-8C74-49E4-80D0-EAD16E0A18E6}.Release|Any CPU.Build.0 = Release|Any CPU
		{B3600CF6-B599-49B8-9025-6E8643D049CD}.Debug|Any CPU.ActiveCfg = Debug|Any CPU
		{B3600CF6-B599-49B8-9025-6E8643D049CD}.Debug|Any CPU.Build.0 = Debug|Any CPU
		{B3600CF6-B599-49B8-9025-6E8643D049CD}.Release|Any CPU.ActiveCfg = Release|Any CPU
		{B3600CF6-B599-49B8-9025-6E8643D049CD}.Release|Any CPU.Build.0 = Release|Any CPU
		{718C8031-9153-4AB3-9053-84BEDFEA4713}.Debug|Any CPU.ActiveCfg = Debug|Any CPU
		{718C8031-9153-4AB3-9053-84BEDFEA4713}.Debug|Any CPU.Build.0 = Debug|Any CPU
		{718C8031-9153-4AB3-9053-84BEDFEA4713}.Release|Any CPU.ActiveCfg = Release|Any CPU
		{718C8031-9153-4AB3-9053-84BEDFEA4713}.Release|Any CPU.Build.0 = Release|Any CPU
		{7AC5B3B4-A5F4-412A-B048-1129A4D90FE3}.Debug|Any CPU.ActiveCfg = Debug|Any CPU
		{7AC5B3B4-A5F4-412A-B048-1129A4D90FE3}.Debug|Any CPU.Build.0 = Debug|Any CPU
		{7AC5B3B4-A5F4-412A-B048-1129A4D90FE3}.Release|Any CPU.ActiveCfg = Release|Any CPU
		{7AC5B3B4-A5F4-412A-B048-1129A4D90FE3}.Release|Any CPU.Build.0 = Release|Any CPU
	EndGlobalSection
	GlobalSection(SolutionProperties) = preSolution
		HideSolutionNode = FALSE
	EndGlobalSection
	GlobalSection(NestedProjects) = preSolution
		{3F0446AF-21F1-4C78-B771-191AF343F799} = {A03F74FB-716E-4C05-9FB6-E31C4CCF4D02}
		{ED1D968C-0B99-47AF-80D6-5D12DBC91632} = {A3B22361-BCF4-4B9A-A29B-4EAF860D2B9A}
		{2AE19B48-8C74-49E4-80D0-EAD16E0A18E6} = {361646BA-6D4D-4C50-961A-C1034D1B6FB5}
		{B3600CF6-B599-49B8-9025-6E8643D049CD} = {361646BA-6D4D-4C50-961A-C1034D1B6FB5}
		{718C8031-9153-4AB3-9053-84BEDFEA4713} = {361646BA-6D4D-4C50-961A-C1034D1B6FB5}
	EndGlobalSection
	GlobalSection(ExtensibilityGlobals) = postSolution
		SolutionGuid = {B413157E-4766-4398-B2EC-BFCDFA6F211C}
	EndGlobalSection
EndGlobal
